
Microsoft Visual Studio Solution File, Format Version 12.00
# Visual Studio Version 17
VisualStudioVersion = 17.5.002.0
MinimumVisualStudioVersion = 10.0.40219.1
Project("{9A19103F-16F7-4668-BE54-9A1E7A4F7556}") = "SimulacroLibros", "SimulacroLibros.csproj", "{EB796D7C-F3C3-488C-BF25-B1408447C037}"
EndProject
Global
	GlobalSection(SolutionConfigurationPlatforms) = preSolution
		Debug|Any CPU = Debug|Any CPU
		Release|Any CPU = Release|Any CPU
	EndGlobalSection
	GlobalSection(ProjectConfigurationPlatforms) = postSolution
		{EB796D7C-F3C3-488C-BF25-B1408447C037}.Debug|Any CPU.ActiveCfg = Debug|Any CPU
		{EB796D7C-F3C3-488C-BF25-B1408447C037}.Debug|Any CPU.Build.0 = Debug|Any CPU
		{EB796D7C-F3C3-488C-BF25-B1408447C037}.Release|Any CPU.ActiveCfg = Release|Any CPU
		{EB796D7C-F3C3-488C-BF25-B1408447C037}.Release|Any CPU.Build.0 = Release|Any CPU
	EndGlobalSection
	GlobalSection(SolutionProperties) = preSolution
		HideSolutionNode = FALSE
	EndGlobalSection
	GlobalSection(ExtensibilityGlobals) = postSolution
		SolutionGuid = {3E3A2828-FF91-4D74-9578-7F680C25424C}
	EndGlobalSection
EndGlobal
